// !$*UTF8*$!
{
	archiveVersion = 1;
	classes = {
	};
	objectVersion = 56;
	objects = {

/* Begin PBXBuildFile section */
		92F98E422C1FE115005FA6FA /* My_ClickerApp.swift in Sources */ = {isa = PBXBuildFile; fileRef = 92F98E412C1FE115005FA6FA /* My_ClickerApp.swift */; };
		92F98E442C1FE115005FA6FA /* mainVeiw.swift in Sources */ = {isa = PBXBuildFile; fileRef = 92F98E432C1FE115005FA6FA /* mainVeiw.swift */; };
		92F98E462C1FE116005FA6FA /* Assets.xcassets in Resources */ = {isa = PBXBuildFile; fileRef = 92F98E452C1FE116005FA6FA /* Assets.xcassets */; };
		92F98E492C1FE116005FA6FA /* Preview Assets.xcassets in Resources */ = {isa = PBXBuildFile; fileRef = 92F98E482C1FE116005FA6FA /* Preview Assets.xcassets */; };
		92F98E532C1FE117005FA6FA /* My_ClickerTests.swift in Sources */ = {isa = PBXBuildFile; fileRef = 92F98E522C1FE117005FA6FA /* My_ClickerTests.swift */; };
		92F98E5D2C1FE117005FA6FA /* My_ClickerUITests.swift in Sources */ = {isa = PBXBuildFile; fileRef = 92F98E5C2C1FE117005FA6FA /* My_ClickerUITests.swift */; };
		92F98E5F2C1FE117005FA6FA /* My_ClickerUITestsLaunchTests.swift in Sources */ = {isa = PBXBuildFile; fileRef = 92F98E5E2C1FE117005FA6FA /* My_ClickerUITestsLaunchTests.swift */; };
		F70A9F522C2340F1007F2647 /* addSheet.swift in Sources */ = {isa = PBXBuildFile; fileRef = F70A9F512C2340F1007F2647 /* addSheet.swift */; };
		F70A9F542C234880007F2647 /* temBluetooth.swift in Sources */ = {isa = PBXBuildFile; fileRef = F70A9F532C234880007F2647 /* temBluetooth.swift */; };
		F7F427332C2119C200FCE9BD /* ColorExtension.swift in Sources */ = {isa = PBXBuildFile; fileRef = F7F427322C2119C200FCE9BD /* ColorExtension.swift */; };
		F7F427352C21BDDA00FCE9BD /* deviceConnect.swift in Sources */ = {isa = PBXBuildFile; fileRef = F7F427342C21BDDA00FCE9BD /* deviceConnect.swift */; };
		F7F427372C21C41E00FCE9BD /* instructView.swift in Sources */ = {isa = PBXBuildFile; fileRef = F7F427362C21C41E00FCE9BD /* instructView.swift */; };
/* End PBXBuildFile section */

/* Begin PBXContainerItemProxy section */
		92F98E4F2C1FE117005FA6FA /* PBXContainerItemProxy */ = {
			isa = PBXContainerItemProxy;
			containerPortal = 92F98E362C1FE115005FA6FA /* Project object */;
			proxyType = 1;
			remoteGlobalIDString = 92F98E3D2C1FE115005FA6FA;
			remoteInfo = "My Clicker";
		};
		92F98E592C1FE117005FA6FA /* PBXContainerItemProxy */ = {
			isa = PBXContainerItemProxy;
			containerPortal = 92F98E362C1FE115005FA6FA /* Project object */;
			proxyType = 1;
			remoteGlobalIDString = 92F98E3D2C1FE115005FA6FA;
			remoteInfo = "My Clicker";
		};
/* End PBXContainerItemProxy section */

/* Begin PBXFileReference section */
		92F98E3E2C1FE115005FA6FA /* My Clicker.app */ = {isa = PBXFileReference; explicitFileType = wrapper.application; includeInIndex = 0; path = "My Clicker.app"; sourceTree = BUILT_PRODUCTS_DIR; };
		92F98E412C1FE115005FA6FA /* My_ClickerApp.swift */ = {isa = PBXFileReference; lastKnownFileType = sourcecode.swift; path = My_ClickerApp.swift; sourceTree = "<group>"; };
		92F98E432C1FE115005FA6FA /* mainVeiw.swift */ = {isa = PBXFileReference; lastKnownFileType = sourcecode.swift; path = mainVeiw.swift; sourceTree = "<group>"; };
		92F98E452C1FE116005FA6FA /* Assets.xcassets */ = {isa = PBXFileReference; lastKnownFileType = folder.assetcatalog; path = Assets.xcassets; sourceTree = "<group>"; };
		92F98E482C1FE116005FA6FA /* Preview Assets.xcassets */ = {isa = PBXFileReference; lastKnownFileType = folder.assetcatalog; path = "Preview Assets.xcassets"; sourceTree = "<group>"; };
		92F98E4E2C1FE117005FA6FA /* My ClickerTests.xctest */ = {isa = PBXFileReference; explicitFileType = wrapper.cfbundle; includeInIndex = 0; path = "My ClickerTests.xctest"; sourceTree = BUILT_PRODUCTS_DIR; };
		92F98E522C1FE117005FA6FA /* My_ClickerTests.swift */ = {isa = PBXFileReference; lastKnownFileType = sourcecode.swift; path = My_ClickerTests.swift; sourceTree = "<group>"; };
		92F98E582C1FE117005FA6FA /* My ClickerUITests.xctest */ = {isa = PBXFileReference; explicitFileType = wrapper.cfbundle; includeInIndex = 0; path = "My ClickerUITests.xctest"; sourceTree = BUILT_PRODUCTS_DIR; };
		92F98E5C2C1FE117005FA6FA /* My_ClickerUITests.swift */ = {isa = PBXFileReference; lastKnownFileType = sourcecode.swift; path = My_ClickerUITests.swift; sourceTree = "<group>"; };
		92F98E5E2C1FE117005FA6FA /* My_ClickerUITestsLaunchTests.swift */ = {isa = PBXFileReference; lastKnownFileType = sourcecode.swift; path = My_ClickerUITestsLaunchTests.swift; sourceTree = "<group>"; };
		F70A9F512C2340F1007F2647 /* addSheet.swift */ = {isa = PBXFileReference; lastKnownFileType = sourcecode.swift; path = addSheet.swift; sourceTree = "<group>"; };
		F70A9F532C234880007F2647 /* temBluetooth.swift */ = {isa = PBXFileReference; lastKnownFileType = sourcecode.swift; path = temBluetooth.swift; sourceTree = "<group>"; };
		F7F427322C2119C200FCE9BD /* ColorExtension.swift */ = {isa = PBXFileReference; lastKnownFileType = sourcecode.swift; path = ColorExtension.swift; sourceTree = "<group>"; };
		F7F427342C21BDDA00FCE9BD /* deviceConnect.swift */ = {isa = PBXFileReference; lastKnownFileType = sourcecode.swift; path = deviceConnect.swift; sourceTree = "<group>"; };
		F7F427362C21C41E00FCE9BD /* instructView.swift */ = {isa = PBXFileReference; lastKnownFileType = sourcecode.swift; path = instructView.swift; sourceTree = "<group>"; };
/* End PBXFileReference section */

/* Begin PBXFrameworksBuildPhase section */
		92F98E3B2C1FE115005FA6FA /* Frameworks */ = {
			isa = PBXFrameworksBuildPhase;
			buildActionMask = 2147483647;
			files = (
			);
			runOnlyForDeploymentPostprocessing = 0;
		};
		92F98E4B2C1FE117005FA6FA /* Frameworks */ = {
			isa = PBXFrameworksBuildPhase;
			buildActionMask = 2147483647;
			files = (
			);
			runOnlyForDeploymentPostprocessing = 0;
		};
		92F98E552C1FE117005FA6FA /* Frameworks */ = {
			isa = PBXFrameworksBuildPhase;
			buildActionMask = 2147483647;
			files = (
			);
			runOnlyForDeploymentPostprocessing = 0;
		};
/* End PBXFrameworksBuildPhase section */

/* Begin PBXGroup section */
		92F98E352C1FE115005FA6FA = {
			isa = PBXGroup;
			children = (
				92F98E402C1FE115005FA6FA /* My Clicker */,
				92F98E512C1FE117005FA6FA /* My ClickerTests */,
				92F98E5B2C1FE117005FA6FA /* My ClickerUITests */,
				92F98E3F2C1FE115005FA6FA /* Products */,
			);
			sourceTree = "<group>";
		};
		92F98E3F2C1FE115005FA6FA /* Products */ = {
			isa = PBXGroup;
			children = (
				92F98E3E2C1FE115005FA6FA /* My Clicker.app */,
				92F98E4E2C1FE117005FA6FA /* My ClickerTests.xctest */,
				92F98E582C1FE117005FA6FA /* My ClickerUITests.xctest */,
			);
			name = Products;
			sourceTree = "<group>";
		};
		92F98E402C1FE115005FA6FA /* My Clicker */ = {
			isa = PBXGroup;
			children = (
				F7F427322C2119C200FCE9BD /* ColorExtension.swift */,
				92F98E412C1FE115005FA6FA /* My_ClickerApp.swift */,
				92F98E432C1FE115005FA6FA /* mainVeiw.swift */,
				F7F427342C21BDDA00FCE9BD /* deviceConnect.swift */,
				F70A9F532C234880007F2647 /* temBluetooth.swift */,
				F7F427362C21C41E00FCE9BD /* instructView.swift */,
				F70A9F512C2340F1007F2647 /* addSheet.swift */,
				92F98E452C1FE116005FA6FA /* Assets.xcassets */,
				92F98E472C1FE116005FA6FA /* Preview Content */,
			);
			path = "My Clicker";
			sourceTree = "<group>";
		};
		92F98E472C1FE116005FA6FA /* Preview Content */ = {
			isa = PBXGroup;
			children = (
				92F98E482C1FE116005FA6FA /* Preview Assets.xcassets */,
			);
			path = "Preview Content";
			sourceTree = "<group>";
		};
		92F98E512C1FE117005FA6FA /* My ClickerTests */ = {
			isa = PBXGroup;
			children = (
				92F98E522C1FE117005FA6FA /* My_ClickerTests.swift */,
			);
			path = "My ClickerTests";
			sourceTree = "<group>";
		};
		92F98E5B2C1FE117005FA6FA /* My ClickerUITests */ = {
			isa = PBXGroup;
			children = (
				92F98E5C2C1FE117005FA6FA /* My_ClickerUITests.swift */,
				92F98E5E2C1FE117005FA6FA /* My_ClickerUITestsLaunchTests.swift */,
			);
			path = "My ClickerUITests";
			sourceTree = "<group>";
		};
/* End PBXGroup section */

/* Begin PBXNativeTarget section */
		92F98E3D2C1FE115005FA6FA /* My Clicker */ = {
			isa = PBXNativeTarget;
			buildConfigurationList = 92F98E622C1FE117005FA6FA /* Build configuration list for PBXNativeTarget "My Clicker" */;
			buildPhases = (
				92F98E3A2C1FE115005FA6FA /* Sources */,
				92F98E3B2C1FE115005FA6FA /* Frameworks */,
				92F98E3C2C1FE115005FA6FA /* Resources */,
			);
			buildRules = (
			);
			dependencies = (
			);
			name = "My Clicker";
			productName = "My Clicker";
			productReference = 92F98E3E2C1FE115005FA6FA /* My Clicker.app */;
			productType = "com.apple.product-type.application";
		};
		92F98E4D2C1FE117005FA6FA /* My ClickerTests */ = {
			isa = PBXNativeTarget;
			buildConfigurationList = 92F98E652C1FE117005FA6FA /* Build configuration list for PBXNativeTarget "My ClickerTests" */;
			buildPhases = (
				92F98E4A2C1FE117005FA6FA /* Sources */,
				92F98E4B2C1FE117005FA6FA /* Frameworks */,
				92F98E4C2C1FE117005FA6FA /* Resources */,
			);
			buildRules = (
			);
			dependencies = (
				92F98E502C1FE117005FA6FA /* PBXTargetDependency */,
			);
			name = "My ClickerTests";
			productName = "My ClickerTests";
			productReference = 92F98E4E2C1FE117005FA6FA /* My ClickerTests.xctest */;
			productType = "com.apple.product-type.bundle.unit-test";
		};
		92F98E572C1FE117005FA6FA /* My ClickerUITests */ = {
			isa = PBXNativeTarget;
			buildConfigurationList = 92F98E682C1FE117005FA6FA /* Build configuration list for PBXNativeTarget "My ClickerUITests" */;
			buildPhases = (
				92F98E542C1FE117005FA6FA /* Sources */,
				92F98E552C1FE117005FA6FA /* Frameworks */,
				92F98E562C1FE117005FA6FA /* Resources */,
			);
			buildRules = (
			);
			dependencies = (
				92F98E5A2C1FE117005FA6FA /* PBXTargetDependency */,
			);
			name = "My ClickerUITests";
			productName = "My ClickerUITests";
			productReference = 92F98E582C1FE117005FA6FA /* My ClickerUITests.xctest */;
			productType = "com.apple.product-type.bundle.ui-testing";
		};
/* End PBXNativeTarget section */

/* Begin PBXProject section */
		92F98E362C1FE115005FA6FA /* Project object */ = {
			isa = PBXProject;
			attributes = {
				BuildIndependentTargetsInParallel = 1;
				LastSwiftUpdateCheck = 1540;
				LastUpgradeCheck = 1540;
				TargetAttributes = {
					92F98E3D2C1FE115005FA6FA = {
						CreatedOnToolsVersion = 15.4;
					};
					92F98E4D2C1FE117005FA6FA = {
						CreatedOnToolsVersion = 15.4;
						TestTargetID = 92F98E3D2C1FE115005FA6FA;
					};
					92F98E572C1FE117005FA6FA = {
						CreatedOnToolsVersion = 15.4;
						TestTargetID = 92F98E3D2C1FE115005FA6FA;
					};
				};
			};
			buildConfigurationList = 92F98E392C1FE115005FA6FA /* Build configuration list for PBXProject "My Clicker" */;
			compatibilityVersion = "Xcode 14.0";
			developmentRegion = en;
			hasScannedForEncodings = 0;
			knownRegions = (
				en,
				Base,
			);
			mainGroup = 92F98E352C1FE115005FA6FA;
			productRefGroup = 92F98E3F2C1FE115005FA6FA /* Products */;
			projectDirPath = "";
			projectRoot = "";
			targets = (
				92F98E3D2C1FE115005FA6FA /* My Clicker */,
				92F98E4D2C1FE117005FA6FA /* My ClickerTests */,
				92F98E572C1FE117005FA6FA /* My ClickerUITests */,
			);
		};
/* End PBXProject section */

/* Begin PBXResourcesBuildPhase section */
		92F98E3C2C1FE115005FA6FA /* Resources */ = {
			isa = PBXResourcesBuildPhase;
			buildActionMask = 2147483647;
			files = (
				92F98E492C1FE116005FA6FA /* Preview Assets.xcassets in Resources */,
				92F98E462C1FE116005FA6FA /* Assets.xcassets in Resources */,
			);
			runOnlyForDeploymentPostprocessing = 0;
		};
		92F98E4C2C1FE117005FA6FA /* Resources */ = {
			isa = PBXResourcesBuildPhase;
			buildActionMask = 2147483647;
			files = (
			);
			runOnlyForDeploymentPostprocessing = 0;
		};
		92F98E562C1FE117005FA6FA /* Resources */ = {
			isa = PBXResourcesBuildPhase;
			buildActionMask = 2147483647;
			files = (
			);
			runOnlyForDeploymentPostprocessing = 0;
		};
/* End PBXResourcesBuildPhase section */

/* Begin PBXSourcesBuildPhase section */
		92F98E3A2C1FE115005FA6FA /* Sources */ = {
			isa = PBXSourcesBuildPhase;
			buildActionMask = 2147483647;
			files = (
				F7F427352C21BDDA00FCE9BD /* deviceConnect.swift in Sources */,
				F7F427332C2119C200FCE9BD /* ColorExtension.swift in Sources */,
				F70A9F542C234880007F2647 /* temBluetooth.swift in Sources */,
				92F98E442C1FE115005FA6FA /* mainVeiw.swift in Sources */,
				F7F427372C21C41E00FCE9BD /* instructView.swift in Sources */,
				F70A9F522C2340F1007F2647 /* addSheet.swift in Sources */,
				92F98E422C1FE115005FA6FA /* My_ClickerApp.swift in Sources */,
			);
			runOnlyForDeploymentPostprocessing = 0;
		};
		92F98E4A2C1FE117005FA6FA /* Sources */ = {
			isa = PBXSourcesBuildPhase;
			buildActionMask = 2147483647;
			files = (
				92F98E532C1FE117005FA6FA /* My_ClickerTests.swift in Sources */,
			);
			runOnlyForDeploymentPostprocessing = 0;
		};
		92F98E542C1FE117005FA6FA /* Sources */ = {
			isa = PBXSourcesBuildPhase;
			buildActionMask = 2147483647;
			files = (
				92F98E5F2C1FE117005FA6FA /* My_ClickerUITestsLaunchTests.swift in Sources */,
				92F98E5D2C1FE117005FA6FA /* My_ClickerUITests.swift in Sources */,
			);
			runOnlyForDeploymentPostprocessing = 0;
		};
/* End PBXSourcesBuildPhase section */

/* Begin PBXTargetDependency section */
		92F98E502C1FE117005FA6FA /* PBXTargetDependency */ = {
			isa = PBXTargetDependency;
			target = 92F98E3D2C1FE115005FA6FA /* My Clicker */;
			targetProxy = 92F98E4F2C1FE117005FA6FA /* PBXContainerItemProxy */;
		};
		92F98E5A2C1FE117005FA6FA /* PBXTargetDependency */ = {
			isa = PBXTargetDependency;
			target = 92F98E3D2C1FE115005FA6FA /* My Clicker */;
			targetProxy = 92F98E592C1FE117005FA6FA /* PBXContainerItemProxy */;
		};
/* End PBXTargetDependency section */

/* Begin XCBuildConfiguration section */
		92F98E602C1FE117005FA6FA /* Debug */ = {
			isa = XCBuildConfiguration;
			buildSettings = {
				ALWAYS_SEARCH_USER_PATHS = NO;
				ASSETCATALOG_COMPILER_GENERATE_SWIFT_ASSET_SYMBOL_EXTENSIONS = YES;
				CLANG_ANALYZER_NONNULL = YES;
				CLANG_ANALYZER_NUMBER_OBJECT_CONVERSION = YES_AGGRESSIVE;
				CLANG_CXX_LANGUAGE_STANDARD = "gnu++20";
				CLANG_ENABLE_MODULES = YES;
				CLANG_ENABLE_OBJC_ARC = YES;
				CLANG_ENABLE_OBJC_WEAK = YES;
				CLANG_WARN_BLOCK_CAPTURE_AUTORELEASING = YES;
				CLANG_WARN_BOOL_CONVERSION = YES;
				CLANG_WARN_COMMA = YES;
				CLANG_WARN_CONSTANT_CONVERSION = YES;
				CLANG_WARN_DEPRECATED_OBJC_IMPLEMENTATIONS = YES;
				CLANG_WARN_DIRECT_OBJC_ISA_USAGE = YES_ERROR;
				CLANG_WARN_DOCUMENTATION_COMMENTS = YES;
				CLANG_WARN_EMPTY_BODY = YES;
				CLANG_WARN_ENUM_CONVERSION = YES;
				CLANG_WARN_INFINITE_RECURSION = YES;
				CLANG_WARN_INT_CONVERSION = YES;
				CLANG_WARN_NON_LITERAL_NULL_CONVERSION = YES;
				CLANG_WARN_OBJC_IMPLICIT_RETAIN_SELF = YES;
				CLANG_WARN_OBJC_LITERAL_CONVERSION = YES;
				CLANG_WARN_OBJC_ROOT_CLASS = YES_ERROR;
				CLANG_WARN_QUOTED_INCLUDE_IN_FRAMEWORK_HEADER = YES;
				CLANG_WARN_RANGE_LOOP_ANALYSIS = YES;
				CLANG_WARN_STRICT_PROTOTYPES = YES;
				CLANG_WARN_SUSPICIOUS_MOVE = YES;
				CLANG_WARN_UNGUARDED_AVAILABILITY = YES_AGGRESSIVE;
				CLANG_WARN_UNREACHABLE_CODE = YES;
				CLANG_WARN__DUPLICATE_METHOD_MATCH = YES;
				COPY_PHASE_STRIP = NO;
				DEBUG_INFORMATION_FORMAT = dwarf;
				ENABLE_STRICT_OBJC_MSGSEND = YES;
				ENABLE_TESTABILITY = YES;
				ENABLE_USER_SCRIPT_SANDBOXING = YES;
				GCC_C_LANGUAGE_STANDARD = gnu17;
				GCC_DYNAMIC_NO_PIC = NO;
				GCC_NO_COMMON_BLOCKS = YES;
				GCC_OPTIMIZATION_LEVEL = 0;
				GCC_PREPROCESSOR_DEFINITIONS = (
					"DEBUG=1",
					"$(inherited)",
				);
				GCC_WARN_64_TO_32_BIT_CONVERSION = YES;
				GCC_WARN_ABOUT_RETURN_TYPE = YES_ERROR;
				GCC_WARN_UNDECLARED_SELECTOR = YES;
				GCC_WARN_UNINITIALIZED_AUTOS = YES_AGGRESSIVE;
				GCC_WARN_UNUSED_FUNCTION = YES;
				GCC_WARN_UNUSED_VARIABLE = YES;
				IPHONEOS_DEPLOYMENT_TARGET = 17.5;
				LOCALIZATION_PREFERS_STRING_CATALOGS = YES;
				MTL_ENABLE_DEBUG_INFO = INCLUDE_SOURCE;
				MTL_FAST_MATH = YES;
				ONLY_ACTIVE_ARCH = YES;
				SDKROOT = iphoneos;
				SWIFT_ACTIVE_COMPILATION_CONDITIONS = "DEBUG $(inherited)";
				SWIFT_OPTIMIZATION_LEVEL = "-Onone";
			};
			name = Debug;
		};
		92F98E612C1FE117005FA6FA /* Release */ = {
			isa = XCBuildConfiguration;
			buildSettings = {
				ALWAYS_SEARCH_USER_PATHS = NO;
				ASSETCATALOG_COMPILER_GENERATE_SWIFT_ASSET_SYMBOL_EXTENSIONS = YES;
				CLANG_ANALYZER_NONNULL = YES;
				CLANG_ANALYZER_NUMBER_OBJECT_CONVERSION = YES_AGGRESSIVE;
				CLANG_CXX_LANGUAGE_STANDARD = "gnu++20";
				CLANG_ENABLE_MODULES = YES;
				CLANG_ENABLE_OBJC_ARC = YES;
				CLANG_ENABLE_OBJC_WEAK = YES;
				CLANG_WARN_BLOCK_CAPTURE_AUTORELEASING = YES;
				CLANG_WARN_BOOL_CONVERSION = YES;
				CLANG_WARN_COMMA = YES;
				CLANG_WARN_CONSTANT_CONVERSION = YES;
				CLANG_WARN_DEPRECATED_OBJC_IMPLEMENTATIONS = YES;
				CLANG_WARN_DIRECT_OBJC_ISA_USAGE = YES_ERROR;
				CLANG_WARN_DOCUMENTATION_COMMENTS = YES;
				CLANG_WARN_EMPTY_BODY = YES;
				CLANG_WARN_ENUM_CONVERSION = YES;
				CLANG_WARN_INFINITE_RECURSION = YES;
				CLANG_WARN_INT_CONVERSION = YES;
				CLANG_WARN_NON_LITERAL_NULL_CONVERSION = YES;
				CLANG_WARN_OBJC_IMPLICIT_RETAIN_SELF = YES;
				CLANG_WARN_OBJC_LITERAL_CONVERSION = YES;
				CLANG_WARN_OBJC_ROOT_CLASS = YES_ERROR;
				CLANG_WARN_QUOTED_INCLUDE_IN_FRAMEWORK_HEADER = YES;
				CLANG_WARN_RANGE_LOOP_ANALYSIS = YES;
				CLANG_WARN_STRICT_PROTOTYPES = YES;
				CLANG_WARN_SUSPICIOUS_MOVE = YES;
				CLANG_WARN_UNGUARDED_AVAILABILITY = YES_AGGRESSIVE;
				CLANG_WARN_UNREACHABLE_CODE = YES;
				CLANG_WARN__DUPLICATE_METHOD_MATCH = YES;
				COPY_PHASE_STRIP = NO;
				DEBUG_INFORMATION_FORMAT = "dwarf-with-dsym";
				ENABLE_NS_ASSERTIONS = NO;
				ENABLE_STRICT_OBJC_MSGSEND = YES;
				ENABLE_USER_SCRIPT_SANDBOXING = YES;
				GCC_C_LANGUAGE_STANDARD = gnu17;
				GCC_NO_COMMON_BLOCKS = YES;
				GCC_WARN_64_TO_32_BIT_CONVERSION = YES;
				GCC_WARN_ABOUT_RETURN_TYPE = YES_ERROR;
				GCC_WARN_UNDECLARED_SELECTOR = YES;
				GCC_WARN_UNINITIALIZED_AUTOS = YES_AGGRESSIVE;
				GCC_WARN_UNUSED_FUNCTION = YES;
				GCC_WARN_UNUSED_VARIABLE = YES;
				IPHONEOS_DEPLOYMENT_TARGET = 17.5;
				LOCALIZATION_PREFERS_STRING_CATALOGS = YES;
				MTL_ENABLE_DEBUG_INFO = NO;
				MTL_FAST_MATH = YES;
				SDKROOT = iphoneos;
				SWIFT_COMPILATION_MODE = wholemodule;
				VALIDATE_PRODUCT = YES;
			};
			name = Release;
		};
		92F98E632C1FE117005FA6FA /* Debug */ = {
			isa = XCBuildConfiguration;
			buildSettings = {
				ASSETCATALOG_COMPILER_APPICON_NAME = AppIcon;
				ASSETCATALOG_COMPILER_GLOBAL_ACCENT_COLOR_NAME = AccentColor;
				CODE_SIGN_STYLE = Automatic;
				CURRENT_PROJECT_VERSION = 1;
				DEVELOPMENT_ASSET_PATHS = "\"My Clicker/Preview Content\"";
				DEVELOPMENT_TEAM = 4RC8D92VTF;
				ENABLE_PREVIEWS = YES;
				GENERATE_INFOPLIST_FILE = YES;
				INFOPLIST_KEY_UIApplicationSceneManifest_Generation = YES;
				INFOPLIST_KEY_UIApplicationSupportsIndirectInputEvents = YES;
				INFOPLIST_KEY_UILaunchScreen_Generation = YES;
				INFOPLIST_KEY_UISupportedInterfaceOrientations_iPad = "UIInterfaceOrientationPortrait UIInterfaceOrientationPortraitUpsideDown UIInterfaceOrientationLandscapeLeft UIInterfaceOrientationLandscapeRight";
				INFOPLIST_KEY_UISupportedInterfaceOrientations_iPhone = "UIInterfaceOrientationPortrait UIInterfaceOrientationLandscapeLeft UIInterfaceOrientationLandscapeRight";
				IPHONEOS_DEPLOYMENT_TARGET = 17.4;
				LD_RUNPATH_SEARCH_PATHS = (
					"$(inherited)",
					"@executable_path/Frameworks",
				);
				MARKETING_VERSION = 1.0;
				PRODUCT_BUNDLE_IDENTIFIER = "asd.My-Clicker";
				PRODUCT_NAME = "$(TARGET_NAME)";
				SWIFT_EMIT_LOC_STRINGS = YES;
				SWIFT_VERSION = 5.0;
				TARGETED_DEVICE_FAMILY = "1,2";
			};
			name = Debug;
		};
		92F98E642C1FE117005FA6FA /* Release */ = {
			isa = XCBuildConfiguration;
			buildSettings = {
				ASSETCATALOG_COMPILER_APPICON_NAME = AppIcon;
				ASSETCATALOG_COMPILER_GLOBAL_ACCENT_COLOR_NAME = AccentColor;
				CODE_SIGN_STYLE = Automatic;
				CURRENT_PROJECT_VERSION = 1;
				DEVELOPMENT_ASSET_PATHS = "\"My Clicker/Preview Content\"";
				DEVELOPMENT_TEAM = 4RC8D92VTF;
				ENABLE_PREVIEWS = YES;
				GENERATE_INFOPLIST_FILE = YES;
				INFOPLIST_KEY_UIApplicationSceneManifest_Generation = YES;
				INFOPLIST_KEY_UIApplicationSupportsIndirectInputEvents = YES;
				INFOPLIST_KEY_UILaunchScreen_Generation = YES;
				INFOPLIST_KEY_UISupportedInterfaceOrientations_iPad = "UIInterfaceOrientationPortrait UIInterfaceOrientationPortraitUpsideDown UIInterfaceOrientationLandscapeLeft UIInterfaceOrientationLandscapeRight";
				INFOPLIST_KEY_UISupportedInterfaceOrientations_iPhone = "UIInterfaceOrientationPortrait UIInterfaceOrientationLandscapeLeft UIInterfaceOrientationLandscapeRight";
				IPHONEOS_DEPLOYMENT_TARGET = 17.4;
				LD_RUNPATH_SEARCH_PATHS = (
					"$(inherited)",
					"@executable_path/Frameworks",
				);
				MARKETING_VERSION = 1.0;
				PRODUCT_BUNDLE_IDENTIFIER = "asd.My-Clicker";
				PRODUCT_NAME = "$(TARGET_NAME)";
				SWIFT_EMIT_LOC_STRINGS = YES;
				SWIFT_VERSION = 5.0;
				TARGETED_DEVICE_FAMILY = "1,2";
			};
			name = Release;
		};
		92F98E662C1FE117005FA6FA /* Debug */ = {
			isa = XCBuildConfiguration;
			buildSettings = {
				ALWAYS_EMBED_SWIFT_STANDARD_LIBRARIES = YES;
				BUNDLE_LOADER = "$(TEST_HOST)";
				"CODE_SIGN_IDENTITY[sdk=macosx*]" = "Apple Development";
				CODE_SIGN_STYLE = Automatic;
				CURRENT_PROJECT_VERSION = 1;
				DEVELOPMENT_TEAM = 4RC8D92VTF;
				GENERATE_INFOPLIST_FILE = YES;
				IPHONEOS_DEPLOYMENT_TARGET = 17.4;
				MARKETING_VERSION = 1.0;
				PRODUCT_BUNDLE_IDENTIFIER = "asd.My-ClickerTests";
				PRODUCT_NAME = "$(TARGET_NAME)";
				SWIFT_EMIT_LOC_STRINGS = NO;
				SWIFT_VERSION = 5.0;
				TARGETED_DEVICE_FAMILY = "1,2";
				TEST_HOST = "$(BUILT_PRODUCTS_DIR)/My Clicker.app/$(BUNDLE_EXECUTABLE_FOLDER_PATH)/My Clicker";
			};
			name = Debug;
		};
		92F98E672C1FE117005FA6FA /* Release */ = {
			isa = XCBuildConfiguration;
			buildSettings = {
				ALWAYS_EMBED_SWIFT_STANDARD_LIBRARIES = YES;
				BUNDLE_LOADER = "$(TEST_HOST)";
				"CODE_SIGN_IDENTITY[sdk=macosx*]" = "Apple Development";
				CODE_SIGN_STYLE = Automatic;
				CURRENT_PROJECT_VERSION = 1;
				DEVELOPMENT_TEAM = 4RC8D92VTF;
				GENERATE_INFOPLIST_FILE = YES;
				IPHONEOS_DEPLOYMENT_TARGET = 17.4;
				MARKETING_VERSION = 1.0;
				PRODUCT_BUNDLE_IDENTIFIER = "asd.My-ClickerTests";
				PRODUCT_NAME = "$(TARGET_NAME)";
				SWIFT_EMIT_LOC_STRINGS = NO;
				SWIFT_VERSION = 5.0;
				TARGETED_DEVICE_FAMILY = "1,2";
				TEST_HOST = "$(BUILT_PRODUCTS_DIR)/My Clicker.app/$(BUNDLE_EXECUTABLE_FOLDER_PATH)/My Clicker";
			};
			name = Release;
		};
		92F98E692C1FE117005FA6FA /* Debug */ = {
			isa = XCBuildConfiguration;
			buildSettings = {
				ALWAYS_EMBED_SWIFT_STANDARD_LIBRARIES = YES;
				CODE_SIGN_STYLE = Automatic;
				CURRENT_PROJECT_VERSION = 1;
				DEVELOPMENT_TEAM = 4RC8D92VTF;
				GENERATE_INFOPLIST_FILE = YES;
				IPHONEOS_DEPLOYMENT_TARGET = 17.4;
				MARKETING_VERSION = 1.0;
				PRODUCT_BUNDLE_IDENTIFIER = "asd.My-ClickerUITests";
				PRODUCT_NAME = "$(TARGET_NAME)";
				SWIFT_EMIT_LOC_STRINGS = NO;
				SWIFT_VERSION = 5.0;
				TARGETED_DEVICE_FAMILY = "1,2";
				TEST_TARGET_NAME = "My Clicker";
			};
			name = Debug;
		};
		92F98E6A2C1FE117005FA6FA /* Release */ = {
			isa = XCBuildConfiguration;
			buildSettings = {
				ALWAYS_EMBED_SWIFT_STANDARD_LIBRARIES = YES;
				CODE_SIGN_STYLE = Automatic;
				CURRENT_PROJECT_VERSION = 1;
				DEVELOPMENT_TEAM = 4RC8D92VTF;
				GENERATE_INFOPLIST_FILE = YES;
				IPHONEOS_DEPLOYMENT_TARGET = 17.4;
				MARKETING_VERSION = 1.0;
				PRODUCT_BUNDLE_IDENTIFIER = "asd.My-ClickerUITests";
				PRODUCT_NAME = "$(TARGET_NAME)";
				SWIFT_EMIT_LOC_STRINGS = NO;
				SWIFT_VERSION = 5.0;
				TARGETED_DEVICE_FAMILY = "1,2";
				TEST_TARGET_NAME = "My Clicker";
			};
			name = Release;
		};
/* End XCBuildConfiguration section */

/* Begin XCConfigurationList section */
		92F98E392C1FE115005FA6FA /* Build configuration list for PBXProject "My Clicker" */ = {
			isa = XCConfigurationList;
			buildConfigurations = (
				92F98E602C1FE117005FA6FA /* Debug */,
				92F98E612C1FE117005FA6FA /* Release */,
			);
			defaultConfigurationIsVisible = 0;
			defaultConfigurationName = Release;
		};
		92F98E622C1FE117005FA6FA /* Build configuration list for PBXNativeTarget "My Clicker" */ = {
			isa = XCConfigurationList;
			buildConfigurations = (
				92F98E632C1FE117005FA6FA /* Debug */,
				92F98E642C1FE117005FA6FA /* Release */,
			);
			defaultConfigurationIsVisible = 0;
			defaultConfigurationName = Release;
		};
		92F98E652C1FE117005FA6FA /* Build configuration list for PBXNativeTarget "My ClickerTests" */ = {
			isa = XCConfigurationList;
			buildConfigurations = (
				92F98E662C1FE117005FA6FA /* Debug */,
				92F98E672C1FE117005FA6FA /* Release */,
			);
			defaultConfigurationIsVisible = 0;
			defaultConfigurationName = Release;
		};
		92F98E682C1FE117005FA6FA /* Build configuration list for PBXNativeTarget "My ClickerUITests" */ = {
			isa = XCConfigurationList;
			buildConfigurations = (
				92F98E692C1FE117005FA6FA /* Debug */,
				92F98E6A2C1FE117005FA6FA /* Release */,
			);
			defaultConfigurationIsVisible = 0;
			defaultConfigurationName = Release;
		};
/* End XCConfigurationList section */
	};
	rootObject = 92F98E362C1FE115005FA6FA /* Project object */;
}
